// !$*UTF8*$!
{
	archiveVersion = 1;
	classes = {
	};
	objectVersion = 46;
	objects = {

/* Begin PBXBuildFile section */
		18E5A8EC1DE03C43003B9D4B /* main.m in Sources */ = {isa = PBXBuildFile; fileRef = 18E5A8EB1DE03C43003B9D4B /* main.m */; };
		18E5A8EF1DE03C43003B9D4B /* AppDelegate.m in Sources */ = {isa = PBXBuildFile; fileRef = 18E5A8EE1DE03C43003B9D4B /* AppDelegate.m */; };
		18E5A8F51DE03C43003B9D4B /* Main.storyboard in Resources */ = {isa = PBXBuildFile; fileRef = 18E5A8F31DE03C43003B9D4B /* Main.storyboard */; };
		18E5A8F71DE03C43003B9D4B /* Assets.xcassets in Resources */ = {isa = PBXBuildFile; fileRef = 18E5A8F61DE03C43003B9D4B /* Assets.xcassets */; };
		18E5A8FA1DE03C43003B9D4B /* LaunchScreen.storyboard in Resources */ = {isa = PBXBuildFile; fileRef = 18E5A8F81DE03C43003B9D4B /* LaunchScreen.storyboard */; };
		18E5AA731DE2D2E1003B9D4B /* AFHTTPSessionManager.m in Sources */ = {isa = PBXBuildFile; fileRef = 18E5AA2E1DE2D2E1003B9D4B /* AFHTTPSessionManager.m */; };
		18E5AA741DE2D2E1003B9D4B /* AFNetworkReachabilityManager.m in Sources */ = {isa = PBXBuildFile; fileRef = 18E5AA311DE2D2E1003B9D4B /* AFNetworkReachabilityManager.m */; };
		18E5AA751DE2D2E1003B9D4B /* AFSecurityPolicy.m in Sources */ = {isa = PBXBuildFile; fileRef = 18E5AA331DE2D2E1003B9D4B /* AFSecurityPolicy.m */; };
		18E5AA761DE2D2E1003B9D4B /* AFURLRequestSerialization.m in Sources */ = {isa = PBXBuildFile; fileRef = 18E5AA351DE2D2E1003B9D4B /* AFURLRequestSerialization.m */; };
		18E5AA771DE2D2E1003B9D4B /* AFURLResponseSerialization.m in Sources */ = {isa = PBXBuildFile; fileRef = 18E5AA371DE2D2E1003B9D4B /* AFURLResponseSerialization.m */; };
		18E5AA781DE2D2E1003B9D4B /* AFURLSessionManager.m in Sources */ = {isa = PBXBuildFile; fileRef = 18E5AA391DE2D2E1003B9D4B /* AFURLSessionManager.m */; };
		18E5AA791DE2D2E1003B9D4B /* MJExtensionConst.m in Sources */ = {isa = PBXBuildFile; fileRef = 18E5AA3D1DE2D2E1003B9D4B /* MJExtensionConst.m */; };
		18E5AA7A1DE2D2E1003B9D4B /* MJFoundation.m in Sources */ = {isa = PBXBuildFile; fileRef = 18E5AA3F1DE2D2E1003B9D4B /* MJFoundation.m */; };
		18E5AA7B1DE2D2E1003B9D4B /* MJProperty.m in Sources */ = {isa = PBXBuildFile; fileRef = 18E5AA411DE2D2E1003B9D4B /* MJProperty.m */; };
		18E5AA7C1DE2D2E1003B9D4B /* MJPropertyKey.m in Sources */ = {isa = PBXBuildFile; fileRef = 18E5AA431DE2D2E1003B9D4B /* MJPropertyKey.m */; };
		18E5AA7D1DE2D2E1003B9D4B /* MJPropertyType.m in Sources */ = {isa = PBXBuildFile; fileRef = 18E5AA451DE2D2E1003B9D4B /* MJPropertyType.m */; };
		18E5AA7E1DE2D2E1003B9D4B /* NSObject+MJClass.m in Sources */ = {isa = PBXBuildFile; fileRef = 18E5AA471DE2D2E1003B9D4B /* NSObject+MJClass.m */; };
		18E5AA7F1DE2D2E1003B9D4B /* NSObject+MJCoding.m in Sources */ = {isa = PBXBuildFile; fileRef = 18E5AA491DE2D2E1003B9D4B /* NSObject+MJCoding.m */; };
		18E5AA801DE2D2E1003B9D4B /* NSObject+MJKeyValue.m in Sources */ = {isa = PBXBuildFile; fileRef = 18E5AA4B1DE2D2E1003B9D4B /* NSObject+MJKeyValue.m */; };
		18E5AA811DE2D2E1003B9D4B /* NSObject+MJProperty.m in Sources */ = {isa = PBXBuildFile; fileRef = 18E5AA4D1DE2D2E1003B9D4B /* NSObject+MJProperty.m */; };
		18E5AA821DE2D2E1003B9D4B /* NSString+MJExtension.m in Sources */ = {isa = PBXBuildFile; fileRef = 18E5AA4F1DE2D2E1003B9D4B /* NSString+MJExtension.m */; };
		18E5AA831DE2D2E1003B9D4B /* NSObject+MJExtension.m in Sources */ = {isa = PBXBuildFile; fileRef = 18E5AA511DE2D2E1003B9D4B /* NSObject+MJExtension.m */; };
		18E5AA841DE2D2E1003B9D4B /* LICENSE in Resources */ = {isa = PBXBuildFile; fileRef = 18E5AA531DE2D2E1003B9D4B /* LICENSE */; };
		18E5AA851DE2D2E1003B9D4B /* README.md in Sources */ = {isa = PBXBuildFile; fileRef = 18E5AA541DE2D2E1003B9D4B /* README.md */; };
		18E5AA861DE2D2E1003B9D4B /* NSData+ImageContentType.m in Sources */ = {isa = PBXBuildFile; fileRef = 18E5AA571DE2D2E1003B9D4B /* NSData+ImageContentType.m */; };
		18E5AA871DE2D2E1003B9D4B /* SDImageCache.m in Sources */ = {isa = PBXBuildFile; fileRef = 18E5AA591DE2D2E1003B9D4B /* SDImageCache.m */; };
		18E5AA881DE2D2E1003B9D4B /* SDWebImageCompat.m in Sources */ = {isa = PBXBuildFile; fileRef = 18E5AA5B1DE2D2E1003B9D4B /* SDWebImageCompat.m */; };
		18E5AA891DE2D2E1003B9D4B /* SDWebImageDecoder.m in Sources */ = {isa = PBXBuildFile; fileRef = 18E5AA5D1DE2D2E1003B9D4B /* SDWebImageDecoder.m */; };
		18E5AA8A1DE2D2E1003B9D4B /* SDWebImageDownloader.m in Sources */ = {isa = PBXBuildFile; fileRef = 18E5AA5F1DE2D2E1003B9D4B /* SDWebImageDownloader.m */; };
		18E5AA8B1DE2D2E1003B9D4B /* SDWebImageDownloaderOperation.m in Sources */ = {isa = PBXBuildFile; fileRef = 18E5AA611DE2D2E1003B9D4B /* SDWebImageDownloaderOperation.m */; };
		18E5AA8C1DE2D2E1003B9D4B /* SDWebImageManager.m in Sources */ = {isa = PBXBuildFile; fileRef = 18E5AA631DE2D2E1003B9D4B /* SDWebImageManager.m */; };
		18E5AA8D1DE2D2E1003B9D4B /* SDWebImagePrefetcher.m in Sources */ = {isa = PBXBuildFile; fileRef = 18E5AA661DE2D2E1003B9D4B /* SDWebImagePrefetcher.m */; };
		18E5AA8E1DE2D2E1003B9D4B /* UIButton+WebCache.m in Sources */ = {isa = PBXBuildFile; fileRef = 18E5AA681DE2D2E1003B9D4B /* UIButton+WebCache.m */; };
		18E5AA8F1DE2D2E1003B9D4B /* UIImage+GIF.m in Sources */ = {isa = PBXBuildFile; fileRef = 18E5AA6A1DE2D2E1003B9D4B /* UIImage+GIF.m */; };
		18E5AA901DE2D2E1003B9D4B /* UIImage+MultiFormat.m in Sources */ = {isa = PBXBuildFile; fileRef = 18E5AA6C1DE2D2E1003B9D4B /* UIImage+MultiFormat.m */; };
		18E5AA911DE2D2E1003B9D4B /* UIImageView+HighlightedWebCache.m in Sources */ = {isa = PBXBuildFile; fileRef = 18E5AA6E1DE2D2E1003B9D4B /* UIImageView+HighlightedWebCache.m */; };
		18E5AA921DE2D2E1003B9D4B /* UIImageView+WebCache.m in Sources */ = {isa = PBXBuildFile; fileRef = 18E5AA701DE2D2E1003B9D4B /* UIImageView+WebCache.m */; };
		18E5AA931DE2D2E1003B9D4B /* UIView+WebCacheOperation.m in Sources */ = {isa = PBXBuildFile; fileRef = 18E5AA721DE2D2E1003B9D4B /* UIView+WebCacheOperation.m */; };
		18E5AA991DE2D3CF003B9D4B /* skip.storyboard in Resources */ = {isa = PBXBuildFile; fileRef = 18E5AA961DE2D3CF003B9D4B /* skip.storyboard */; };
		18E5AA9A1DE2D3CF003B9D4B /* SkipViewController.m in Sources */ = {isa = PBXBuildFile; fileRef = 18E5AA981DE2D3CF003B9D4B /* SkipViewController.m */; };
		18E5AAA61DE2D3DC003B9D4B /* DetileTableViewCell.m in Sources */ = {isa = PBXBuildFile; fileRef = 18E5AA9D1DE2D3DC003B9D4B /* DetileTableViewCell.m */; };
		18E5AAA71DE2D3DC003B9D4B /* loginViewModel.m in Sources */ = {isa = PBXBuildFile; fileRef = 18E5AA9F1DE2D3DC003B9D4B /* loginViewModel.m */; };
		18E5AAA81DE2D3DC003B9D4B /* RequestViewModel.m in Sources */ = {isa = PBXBuildFile; fileRef = 18E5AAA11DE2D3DC003B9D4B /* RequestViewModel.m */; };
		18E5AAA91DE2D3DC003B9D4B /* ViewController.m in Sources */ = {isa = PBXBuildFile; fileRef = 18E5AAA31DE2D3DC003B9D4B /* ViewController.m */; };
		18E5AAAA1DE2D3DC003B9D4B /* WebViewController.m in Sources */ = {isa = PBXBuildFile; fileRef = 18E5AAA51DE2D3DC003B9D4B /* WebViewController.m */; };
		18E5AAAD1DE2D40D003B9D4B /* SubjectViewController.m in Sources */ = {isa = PBXBuildFile; fileRef = 18E5AAAC1DE2D40D003B9D4B /* SubjectViewController.m */; };
		18E5AAAF1DE2D423003B9D4B /* Subject.storyboard in Resources */ = {isa = PBXBuildFile; fileRef = 18E5AAAE1DE2D423003B9D4B /* Subject.storyboard */; };
		18E5AAB21DE2D828003B9D4B /* Command.storyboard in Resources */ = {isa = PBXBuildFile; fileRef = 18E5AAB11DE2D828003B9D4B /* Command.storyboard */; };
		18E5AAB51DE2D834003B9D4B /* CommandViewController.m in Sources */ = {isa = PBXBuildFile; fileRef = 18E5AAB41DE2D834003B9D4B /* CommandViewController.m */; };
		18E5AABA1DE2E010003B9D4B /* ContactViewController.m in Sources */ = {isa = PBXBuildFile; fileRef = 18E5AAB91DE2E010003B9D4B /* ContactViewController.m */; };
		18E5AABC1DE2E01C003B9D4B /* Contact.storyboard in Resources */ = {isa = PBXBuildFile; fileRef = 18E5AABB1DE2E01C003B9D4B /* Contact.storyboard */; };
		18E5AABE1DE2E6CB003B9D4B /* RACmaroc.storyboard in Resources */ = {isa = PBXBuildFile; fileRef = 18E5AABD1DE2E6CB003B9D4B /* RACmaroc.storyboard */; };
		18E5AAC11DE2E6DD003B9D4B /* MarocViewController.m in Sources */ = {isa = PBXBuildFile; fileRef = 18E5AAC01DE2E6DD003B9D4B /* MarocViewController.m */; };
		18E5AAC71DE2F7B8003B9D4B /* UINavigationController+FDFullscreenPopGesture.m in Sources */ = {isa = PBXBuildFile; fileRef = 18E5AAC61DE2F7B8003B9D4B /* UINavigationController+FDFullscreenPopGesture.m */; };
		B45A15D3EDEE699924C87987 /* libPods-RACTest.a in Frameworks */ = {isa = PBXBuildFile; fileRef = 6C2394235D23C20E661DB4BF /* libPods-RACTest.a */; };
/* End PBXBuildFile section */

/* Begin PBXFileReference section */
		18E5A8E71DE03C43003B9D4B /* RACTest.app */ = {isa = PBXFileReference; explicitFileType = wrapper.application; includeInIndex = 0; path = RACTest.app; sourceTree = BUILT_PRODUCTS_DIR; };
		18E5A8EB1DE03C43003B9D4B /* main.m */ = {isa = PBXFileReference; lastKnownFileType = sourcecode.c.objc; path = main.m; sourceTree = "<group>"; };
		18E5A8ED1DE03C43003B9D4B /* AppDelegate.h */ = {isa = PBXFileReference; lastKnownFileType = sourcecode.c.h; path = AppDelegate.h; sourceTree = "<group>"; };
		18E5A8EE1DE03C43003B9D4B /* AppDelegate.m */ = {isa = PBXFileReference; lastKnownFileType = sourcecode.c.objc; path = AppDelegate.m; sourceTree = "<group>"; };
		18E5A8F41DE03C43003B9D4B /* Base */ = {isa = PBXFileReference; lastKnownFileType = file.storyboard; name = Base; path = Base.lproj/Main.storyboard; sourceTree = "<group>"; };
		18E5A8F61DE03C43003B9D4B /* Assets.xcassets */ = {isa = PBXFileReference; lastKnownFileType = folder.assetcatalog; path = Assets.xcassets; sourceTree = "<group>"; };
		18E5A8F91DE03C43003B9D4B /* Base */ = {isa = PBXFileReference; lastKnownFileType = file.storyboard; name = Base; path = Base.lproj/LaunchScreen.storyboard; sourceTree = "<group>"; };
		18E5A8FB1DE03C43003B9D4B /* Info.plist */ = {isa = PBXFileReference; lastKnownFileType = text.plist.xml; path = Info.plist; sourceTree = "<group>"; };
		18E5AA2D1DE2D2E1003B9D4B /* AFHTTPSessionManager.h */ = {isa = PBXFileReference; fileEncoding = 4; lastKnownFileType = sourcecode.c.h; path = AFHTTPSessionManager.h; sourceTree = "<group>"; };
		18E5AA2E1DE2D2E1003B9D4B /* AFHTTPSessionManager.m */ = {isa = PBXFileReference; fileEncoding = 4; lastKnownFileType = sourcecode.c.objc; path = AFHTTPSessionManager.m; sourceTree = "<group>"; };
		18E5AA2F1DE2D2E1003B9D4B /* AFNetworking.h */ = {isa = PBXFileReference; fileEncoding = 4; lastKnownFileType = sourcecode.c.h; path = AFNetworking.h; sourceTree = "<group>"; };
		18E5AA301DE2D2E1003B9D4B /* AFNetworkReachabilityManager.h */ = {isa = PBXFileReference; fileEncoding = 4; lastKnownFileType = sourcecode.c.h; path = AFNetworkReachabilityManager.h; sourceTree = "<group>"; };
		18E5AA311DE2D2E1003B9D4B /* AFNetworkReachabilityManager.m */ = {isa = PBXFileReference; fileEncoding = 4; lastKnownFileType = sourcecode.c.objc; path = AFNetworkReachabilityManager.m; sourceTree = "<group>"; };
		18E5AA321DE2D2E1003B9D4B /* AFSecurityPolicy.h */ = {isa = PBXFileReference; fileEncoding = 4; lastKnownFileType = sourcecode.c.h; path = AFSecurityPolicy.h; sourceTree = "<group>"; };
		18E5AA331DE2D2E1003B9D4B /* AFSecurityPolicy.m */ = {isa = PBXFileReference; fileEncoding = 4; lastKnownFileType = sourcecode.c.objc; path = AFSecurityPolicy.m; sourceTree = "<group>"; };
		18E5AA341DE2D2E1003B9D4B /* AFURLRequestSerialization.h */ = {isa = PBXFileReference; fileEncoding = 4; lastKnownFileType = sourcecode.c.h; path = AFURLRequestSerialization.h; sourceTree = "<group>"; };
		18E5AA351DE2D2E1003B9D4B /* AFURLRequestSerialization.m */ = {isa = PBXFileReference; fileEncoding = 4; lastKnownFileType = sourcecode.c.objc; path = AFURLRequestSerialization.m; sourceTree = "<group>"; };
		18E5AA361DE2D2E1003B9D4B /* AFURLResponseSerialization.h */ = {isa = PBXFileReference; fileEncoding = 4; lastKnownFileType = sourcecode.c.h; path = AFURLResponseSerialization.h; sourceTree = "<group>"; };
		18E5AA371DE2D2E1003B9D4B /* AFURLResponseSerialization.m */ = {isa = PBXFileReference; fileEncoding = 4; lastKnownFileType = sourcecode.c.objc; path = AFURLResponseSerialization.m; sourceTree = "<group>"; };
		18E5AA381DE2D2E1003B9D4B /* AFURLSessionManager.h */ = {isa = PBXFileReference; fileEncoding = 4; lastKnownFileType = sourcecode.c.h; path = AFURLSessionManager.h; sourceTree = "<group>"; };
		18E5AA391DE2D2E1003B9D4B /* AFURLSessionManager.m */ = {isa = PBXFileReference; fileEncoding = 4; lastKnownFileType = sourcecode.c.objc; path = AFURLSessionManager.m; sourceTree = "<group>"; };
		18E5AA3B1DE2D2E1003B9D4B /* MJExtension.h */ = {isa = PBXFileReference; fileEncoding = 4; lastKnownFileType = sourcecode.c.h; path = MJExtension.h; sourceTree = "<group>"; };
		18E5AA3C1DE2D2E1003B9D4B /* MJExtensionConst.h */ = {isa = PBXFileReference; fileEncoding = 4; lastKnownFileType = sourcecode.c.h; path = MJExtensionConst.h; sourceTree = "<group>"; };
		18E5AA3D1DE2D2E1003B9D4B /* MJExtensionConst.m */ = {isa = PBXFileReference; fileEncoding = 4; lastKnownFileType = sourcecode.c.objc; path = MJExtensionConst.m; sourceTree = "<group>"; };
		18E5AA3E1DE2D2E1003B9D4B /* MJFoundation.h */ = {isa = PBXFileReference; fileEncoding = 4; lastKnownFileType = sourcecode.c.h; path = MJFoundation.h; sourceTree = "<group>"; };
		18E5AA3F1DE2D2E1003B9D4B /* MJFoundation.m */ = {isa = PBXFileReference; fileEncoding = 4; lastKnownFileType = sourcecode.c.objc; path = MJFoundation.m; sourceTree = "<group>"; };
		18E5AA401DE2D2E1003B9D4B /* MJProperty.h */ = {isa = PBXFileReference; fileEncoding = 4; lastKnownFileType = sourcecode.c.h; path = MJProperty.h; sourceTree = "<group>"; };
		18E5AA411DE2D2E1003B9D4B /* MJProperty.m */ = {isa = PBXFileReference; fileEncoding = 4; lastKnownFileType = sourcecode.c.objc; path = MJProperty.m; sourceTree = "<group>"; };
		18E5AA421DE2D2E1003B9D4B /* MJPropertyKey.h */ = {isa = PBXFileReference; fileEncoding = 4; lastKnownFileType = sourcecode.c.h; path = MJPropertyKey.h; sourceTree = "<group>"; };
		18E5AA431DE2D2E1003B9D4B /* MJPropertyKey.m */ = {isa = PBXFileReference; fileEncoding = 4; lastKnownFileType = sourcecode.c.objc; path = MJPropertyKey.m; sourceTree = "<group>"; };
		18E5AA441DE2D2E1003B9D4B /* MJPropertyType.h */ = {isa = PBXFileReference; fileEncoding = 4; lastKnownFileType = sourcecode.c.h; path = MJPropertyType.h; sourceTree = "<group>"; };
		18E5AA451DE2D2E1003B9D4B /* MJPropertyType.m */ = {isa = PBXFileReference; fileEncoding = 4; lastKnownFileType = sourcecode.c.objc; path = MJPropertyType.m; sourceTree = "<group>"; };
		18E5AA461DE2D2E1003B9D4B /* NSObject+MJClass.h */ = {isa = PBXFileReference; fileEncoding = 4; lastKnownFileType = sourcecode.c.h; path = "NSObject+MJClass.h"; sourceTree = "<group>"; };
		18E5AA471DE2D2E1003B9D4B /* NSObject+MJClass.m */ = {isa = PBXFileReference; fileEncoding = 4; lastKnownFileType = sourcecode.c.objc; path = "NSObject+MJClass.m"; sourceTree = "<group>"; };
		18E5AA481DE2D2E1003B9D4B /* NSObject+MJCoding.h */ = {isa = PBXFileReference; fileEncoding = 4; lastKnownFileType = sourcecode.c.h; path = "NSObject+MJCoding.h"; sourceTree = "<group>"; };
		18E5AA491DE2D2E1003B9D4B /* NSObject+MJCoding.m */ = {isa = PBXFileReference; fileEncoding = 4; lastKnownFileType = sourcecode.c.objc; path = "NSObject+MJCoding.m"; sourceTree = "<group>"; };
		18E5AA4A1DE2D2E1003B9D4B /* NSObject+MJKeyValue.h */ = {isa = PBXFileReference; fileEncoding = 4; lastKnownFileType = sourcecode.c.h; path = "NSObject+MJKeyValue.h"; sourceTree = "<group>"; };
		18E5AA4B1DE2D2E1003B9D4B /* NSObject+MJKeyValue.m */ = {isa = PBXFileReference; fileEncoding = 4; lastKnownFileType = sourcecode.c.objc; path = "NSObject+MJKeyValue.m"; sourceTree = "<group>"; };
		18E5AA4C1DE2D2E1003B9D4B /* NSObject+MJProperty.h */ = {isa = PBXFileReference; fileEncoding = 4; lastKnownFileType = sourcecode.c.h; path = "NSObject+MJProperty.h"; sourceTree = "<group>"; };
		18E5AA4D1DE2D2E1003B9D4B /* NSObject+MJProperty.m */ = {isa = PBXFileReference; fileEncoding = 4; lastKnownFileType = sourcecode.c.objc; path = "NSObject+MJProperty.m"; sourceTree = "<group>"; };
		18E5AA4E1DE2D2E1003B9D4B /* NSString+MJExtension.h */ = {isa = PBXFileReference; fileEncoding = 4; lastKnownFileType = sourcecode.c.h; path = "NSString+MJExtension.h"; sourceTree = "<group>"; };
		18E5AA4F1DE2D2E1003B9D4B /* NSString+MJExtension.m */ = {isa = PBXFileReference; fileEncoding = 4; lastKnownFileType = sourcecode.c.objc; path = "NSString+MJExtension.m"; sourceTree = "<group>"; };
		18E5AA501DE2D2E1003B9D4B /* NSObject+MJExtension.h */ = {isa = PBXFileReference; fileEncoding = 4; lastKnownFileType = sourcecode.c.h; path = "NSObject+MJExtension.h"; sourceTree = "<group>"; };
		18E5AA511DE2D2E1003B9D4B /* NSObject+MJExtension.m */ = {isa = PBXFileReference; fileEncoding = 4; lastKnownFileType = sourcecode.c.objc; path = "NSObject+MJExtension.m"; sourceTree = "<group>"; };
		18E5AA531DE2D2E1003B9D4B /* LICENSE */ = {isa = PBXFileReference; fileEncoding = 4; lastKnownFileType = text; path = LICENSE; sourceTree = "<group>"; };
		18E5AA541DE2D2E1003B9D4B /* README.md */ = {isa = PBXFileReference; fileEncoding = 4; lastKnownFileType = net.daringfireball.markdown; path = README.md; sourceTree = "<group>"; };
		18E5AA561DE2D2E1003B9D4B /* NSData+ImageContentType.h */ = {isa = PBXFileReference; fileEncoding = 4; lastKnownFileType = sourcecode.c.h; path = "NSData+ImageContentType.h"; sourceTree = "<group>"; };
		18E5AA571DE2D2E1003B9D4B /* NSData+ImageContentType.m */ = {isa = PBXFileReference; fileEncoding = 4; lastKnownFileType = sourcecode.c.objc; path = "NSData+ImageContentType.m"; sourceTree = "<group>"; };
		18E5AA581DE2D2E1003B9D4B /* SDImageCache.h */ = {isa = PBXFileReference; fileEncoding = 4; lastKnownFileType = sourcecode.c.h; path = SDImageCache.h; sourceTree = "<group>"; };
		18E5AA591DE2D2E1003B9D4B /* SDImageCache.m */ = {isa = PBXFileReference; fileEncoding = 4; lastKnownFileType = sourcecode.c.objc; path = SDImageCache.m; sourceTree = "<group>"; };
		18E5AA5A1DE2D2E1003B9D4B /* SDWebImageCompat.h */ = {isa = PBXFileReference; fileEncoding = 4; lastKnownFileType = sourcecode.c.h; path = SDWebImageCompat.h; sourceTree = "<group>"; };
		18E5AA5B1DE2D2E1003B9D4B /* SDWebImageCompat.m */ = {isa = PBXFileReference; fileEncoding = 4; lastKnownFileType = sourcecode.c.objc; path = SDWebImageCompat.m; sourceTree = "<group>"; };
		18E5AA5C1DE2D2E1003B9D4B /* SDWebImageDecoder.h */ = {isa = PBXFileReference; fileEncoding = 4; lastKnownFileType = sourcecode.c.h; path = SDWebImageDecoder.h; sourceTree = "<group>"; };
		18E5AA5D1DE2D2E1003B9D4B /* SDWebImageDecoder.m */ = {isa = PBXFileReference; fileEncoding = 4; lastKnownFileType = sourcecode.c.objc; path = SDWebImageDecoder.m; sourceTree = "<group>"; };
		18E5AA5E1DE2D2E1003B9D4B /* SDWebImageDownloader.h */ = {isa = PBXFileReference; fileEncoding = 4; lastKnownFileType = sourcecode.c.h; path = SDWebImageDownloader.h; sourceTree = "<group>"; };
		18E5AA5F1DE2D2E1003B9D4B /* SDWebImageDownloader.m */ = {isa = PBXFileReference; fileEncoding = 4; lastKnownFileType = sourcecode.c.objc; path = SDWebImageDownloader.m; sourceTree = "<group>"; };
		18E5AA601DE2D2E1003B9D4B /* SDWebImageDownloaderOperation.h */ = {isa = PBXFileReference; fileEncoding = 4; lastKnownFileType = sourcecode.c.h; path = SDWebImageDownloaderOperation.h; sourceTree = "<group>"; };
		18E5AA611DE2D2E1003B9D4B /* SDWebImageDownloaderOperation.m */ = {isa = PBXFileReference; fileEncoding = 4; lastKnownFileType = sourcecode.c.objc; path = SDWebImageDownloaderOperation.m; sourceTree = "<group>"; };
		18E5AA621DE2D2E1003B9D4B /* SDWebImageManager.h */ = {isa = PBXFileReference; fileEncoding = 4; lastKnownFileType = sourcecode.c.h; path = SDWebImageManager.h; sourceTree = "<group>"; };
		18E5AA631DE2D2E1003B9D4B /* SDWebImageManager.m */ = {isa = PBXFileReference; fileEncoding = 4; lastKnownFileType = sourcecode.c.objc; path = SDWebImageManager.m; sourceTree = "<group>"; };
		18E5AA641DE2D2E1003B9D4B /* SDWebImageOperation.h */ = {isa = PBXFileReference; fileEncoding = 4; lastKnownFileType = sourcecode.c.h; path = SDWebImageOperation.h; sourceTree = "<group>"; };
		18E5AA651DE2D2E1003B9D4B /* SDWebImagePrefetcher.h */ = {isa = PBXFileReference; fileEncoding = 4; lastKnownFileType = sourcecode.c.h; path = SDWebImagePrefetcher.h; sourceTree = "<group>"; };
		18E5AA661DE2D2E1003B9D4B /* SDWebImagePrefetcher.m */ = {isa = PBXFileReference; fileEncoding = 4; lastKnownFileType = sourcecode.c.objc; path = SDWebImagePrefetcher.m; sourceTree = "<group>"; };
		18E5AA671DE2D2E1003B9D4B /* UIButton+WebCache.h */ = {isa = PBXFileReference; fileEncoding = 4; lastKnownFileType = sourcecode.c.h; path = "UIButton+WebCache.h"; sourceTree = "<group>"; };
		18E5AA681DE2D2E1003B9D4B /* UIButton+WebCache.m */ = {isa = PBXFileReference; fileEncoding = 4; lastKnownFileType = sourcecode.c.objc; path = "UIButton+WebCache.m"; sourceTree = "<group>"; };
		18E5AA691DE2D2E1003B9D4B /* UIImage+GIF.h */ = {isa = PBXFileReference; fileEncoding = 4; lastKnownFileType = sourcecode.c.h; path = "UIImage+GIF.h"; sourceTree = "<group>"; };
		18E5AA6A1DE2D2E1003B9D4B /* UIImage+GIF.m */ = {isa = PBXFileReference; fileEncoding = 4; lastKnownFileType = sourcecode.c.objc; path = "UIImage+GIF.m"; sourceTree = "<group>"; };
		18E5AA6B1DE2D2E1003B9D4B /* UIImage+MultiFormat.h */ = {isa = PBXFileReference; fileEncoding = 4; lastKnownFileType = sourcecode.c.h; path = "UIImage+MultiFormat.h"; sourceTree = "<group>"; };
		18E5AA6C1DE2D2E1003B9D4B /* UIImage+MultiFormat.m */ = {isa = PBXFileReference; fileEncoding = 4; lastKnownFileType = sourcecode.c.objc; path = "UIImage+MultiFormat.m"; sourceTree = "<group>"; };
		18E5AA6D1DE2D2E1003B9D4B /* UIImageView+HighlightedWebCache.h */ = {isa = PBXFileReference; fileEncoding = 4; lastKnownFileType = sourcecode.c.h; path = "UIImageView+HighlightedWebCache.h"; sourceTree = "<group>"; };
		18E5AA6E1DE2D2E1003B9D4B /* UIImageView+HighlightedWebCache.m */ = {isa = PBXFileReference; fileEncoding = 4; lastKnownFileType = sourcecode.c.objc; path = "UIImageView+HighlightedWebCache.m"; sourceTree = "<group>"; };
		18E5AA6F1DE2D2E1003B9D4B /* UIImageView+WebCache.h */ = {isa = PBXFileReference; fileEncoding = 4; lastKnownFileType = sourcecode.c.h; path = "UIImageView+WebCache.h"; sourceTree = "<group>"; };
		18E5AA701DE2D2E1003B9D4B /* UIImageView+WebCache.m */ = {isa = PBXFileReference; fileEncoding = 4; lastKnownFileType = sourcecode.c.objc; path = "UIImageView+WebCache.m"; sourceTree = "<group>"; };
		18E5AA711DE2D2E1003B9D4B /* UIView+WebCacheOperation.h */ = {isa = PBXFileReference; fileEncoding = 4; lastKnownFileType = sourcecode.c.h; path = "UIView+WebCacheOperation.h"; sourceTree = "<group>"; };
		18E5AA721DE2D2E1003B9D4B /* UIView+WebCacheOperation.m */ = {isa = PBXFileReference; fileEncoding = 4; lastKnownFileType = sourcecode.c.objc; path = "UIView+WebCacheOperation.m"; sourceTree = "<group>"; };
		18E5AA961DE2D3CF003B9D4B /* skip.storyboard */ = {isa = PBXFileReference; fileEncoding = 4; lastKnownFileType = file.storyboard; path = skip.storyboard; sourceTree = "<group>"; };
		18E5AA971DE2D3CF003B9D4B /* SkipViewController.h */ = {isa = PBXFileReference; fileEncoding = 4; lastKnownFileType = sourcecode.c.h; path = SkipViewController.h; sourceTree = "<group>"; };
		18E5AA981DE2D3CF003B9D4B /* SkipViewController.m */ = {isa = PBXFileReference; fileEncoding = 4; lastKnownFileType = sourcecode.c.objc; path = SkipViewController.m; sourceTree = "<group>"; };
		18E5AA9C1DE2D3DC003B9D4B /* DetileTableViewCell.h */ = {isa = PBXFileReference; fileEncoding = 4; lastKnownFileType = sourcecode.c.h; path = DetileTableViewCell.h; sourceTree = "<group>"; };
		18E5AA9D1DE2D3DC003B9D4B /* DetileTableViewCell.m */ = {isa = PBXFileReference; fileEncoding = 4; lastKnownFileType = sourcecode.c.objc; path = DetileTableViewCell.m; sourceTree = "<group>"; };
		18E5AA9E1DE2D3DC003B9D4B /* loginViewModel.h */ = {isa = PBXFileReference; fileEncoding = 4; lastKnownFileType = sourcecode.c.h; path = loginViewModel.h; sourceTree = "<group>"; };
		18E5AA9F1DE2D3DC003B9D4B /* loginViewModel.m */ = {isa = PBXFileReference; fileEncoding = 4; lastKnownFileType = sourcecode.c.objc; path = loginViewModel.m; sourceTree = "<group>"; };
		18E5AAA01DE2D3DC003B9D4B /* RequestViewModel.h */ = {isa = PBXFileReference; fileEncoding = 4; lastKnownFileType = sourcecode.c.h; path = RequestViewModel.h; sourceTree = "<group>"; };
		18E5AAA11DE2D3DC003B9D4B /* RequestViewModel.m */ = {isa = PBXFileReference; fileEncoding = 4; lastKnownFileType = sourcecode.c.objc; path = RequestViewModel.m; sourceTree = "<group>"; };
		18E5AAA21DE2D3DC003B9D4B /* ViewController.h */ = {isa = PBXFileReference; fileEncoding = 4; lastKnownFileType = sourcecode.c.h; path = ViewController.h; sourceTree = "<group>"; };
		18E5AAA31DE2D3DC003B9D4B /* ViewController.m */ = {isa = PBXFileReference; fileEncoding = 4; lastKnownFileType = sourcecode.c.objc; path = ViewController.m; sourceTree = "<group>"; };
		18E5AAA41DE2D3DC003B9D4B /* WebViewController.h */ = {isa = PBXFileReference; fileEncoding = 4; lastKnownFileType = sourcecode.c.h; path = WebViewController.h; sourceTree = "<group>"; };
		18E5AAA51DE2D3DC003B9D4B /* WebViewController.m */ = {isa = PBXFileReference; fileEncoding = 4; lastKnownFileType = sourcecode.c.objc; path = WebViewController.m; sourceTree = "<group>"; };
		18E5AAAB1DE2D40D003B9D4B /* SubjectViewController.h */ = {isa = PBXFileReference; fileEncoding = 4; lastKnownFileType = sourcecode.c.h; path = SubjectViewController.h; sourceTree = "<group>"; };
		18E5AAAC1DE2D40D003B9D4B /* SubjectViewController.m */ = {isa = PBXFileReference; fileEncoding = 4; lastKnownFileType = sourcecode.c.objc; path = SubjectViewController.m; sourceTree = "<group>"; };
		18E5AAAE1DE2D423003B9D4B /* Subject.storyboard */ = {isa = PBXFileReference; fileEncoding = 4; lastKnownFileType = file.storyboard; path = Subject.storyboard; sourceTree = "<group>"; };
		18E5AAB11DE2D828003B9D4B /* Command.storyboard */ = {isa = PBXFileReference; fileEncoding = 4; lastKnownFileType = file.storyboard; path = Command.storyboard; sourceTree = "<group>"; };
		18E5AAB31DE2D834003B9D4B /* CommandViewController.h */ = {isa = PBXFileReference; fileEncoding = 4; lastKnownFileType = sourcecode.c.h; path = CommandViewController.h; sourceTree = "<group>"; };
		18E5AAB41DE2D834003B9D4B /* CommandViewController.m */ = {isa = PBXFileReference; fileEncoding = 4; lastKnownFileType = sourcecode.c.objc; path = CommandViewController.m; sourceTree = "<group>"; };
		18E5AAB81DE2E010003B9D4B /* ContactViewController.h */ = {isa = PBXFileReference; fileEncoding = 4; lastKnownFileType = sourcecode.c.h; path = ContactViewController.h; sourceTree = "<group>"; };
		18E5AAB91DE2E010003B9D4B /* ContactViewController.m */ = {isa = PBXFileReference; fileEncoding = 4; lastKnownFileType = sourcecode.c.objc; path = ContactViewController.m; sourceTree = "<group>"; };
		18E5AABB1DE2E01C003B9D4B /* Contact.storyboard */ = {isa = PBXFileReference; fileEncoding = 4; lastKnownFileType = file.storyboard; path = Contact.storyboard; sourceTree = "<group>"; };
		18E5AABD1DE2E6CB003B9D4B /* RACmaroc.storyboard */ = {isa = PBXFileReference; fileEncoding = 4; lastKnownFileType = file.storyboard; path = RACmaroc.storyboard; sourceTree = "<group>"; };
		18E5AABF1DE2E6DD003B9D4B /* MarocViewController.h */ = {isa = PBXFileReference; fileEncoding = 4; lastKnownFileType = sourcecode.c.h; path = MarocViewController.h; sourceTree = "<group>"; };
		18E5AAC01DE2E6DD003B9D4B /* MarocViewController.m */ = {isa = PBXFileReference; fileEncoding = 4; lastKnownFileType = sourcecode.c.objc; path = MarocViewController.m; sourceTree = "<group>"; };
		18E5AAC51DE2F7B8003B9D4B /* UINavigationController+FDFullscreenPopGesture.h */ = {isa = PBXFileReference; fileEncoding = 4; lastKnownFileType = sourcecode.c.h; path = "UINavigationController+FDFullscreenPopGesture.h"; sourceTree = "<group>"; };
		18E5AAC61DE2F7B8003B9D4B /* UINavigationController+FDFullscreenPopGesture.m */ = {isa = PBXFileReference; fileEncoding = 4; lastKnownFileType = sourcecode.c.objc; path = "UINavigationController+FDFullscreenPopGesture.m"; sourceTree = "<group>"; };
		327334B916642810C32AEAA9 /* Pods-RACTest.debug.xcconfig */ = {isa = PBXFileReference; includeInIndex = 1; lastKnownFileType = text.xcconfig; name = "Pods-RACTest.debug.xcconfig"; path = "Pods/Target Support Files/Pods-RACTest/Pods-RACTest.debug.xcconfig"; sourceTree = "<group>"; };
		6C2394235D23C20E661DB4BF /* libPods-RACTest.a */ = {isa = PBXFileReference; explicitFileType = archive.ar; includeInIndex = 0; path = "libPods-RACTest.a"; sourceTree = BUILT_PRODUCTS_DIR; };
		A076BAF36A0ED5313D479898 /* Pods-RACTest.release.xcconfig */ = {isa = PBXFileReference; includeInIndex = 1; lastKnownFileType = text.xcconfig; name = "Pods-RACTest.release.xcconfig"; path = "Pods/Target Support Files/Pods-RACTest/Pods-RACTest.release.xcconfig"; sourceTree = "<group>"; };
/* End PBXFileReference section */

/* Begin PBXFrameworksBuildPhase section */
		18E5A8E41DE03C43003B9D4B /* Frameworks */ = {
			isa = PBXFrameworksBuildPhase;
			buildActionMask = 2147483647;
			files = (
				B45A15D3EDEE699924C87987 /* libPods-RACTest.a in Frameworks */,
			);
			runOnlyForDeploymentPostprocessing = 0;
		};
/* End PBXFrameworksBuildPhase section */

/* Begin PBXGroup section */
		18E5A8DE1DE03C43003B9D4B = {
			isa = PBXGroup;
			children = (
				18E5A8E91DE03C43003B9D4B /* RACTest */,
				18E5A8E81DE03C43003B9D4B /* Products */,
				42B6D43FCC51ECCF47083D28 /* Pods */,
				97554199B4FC88CF467FB4B3 /* Frameworks */,
			);
			sourceTree = "<group>";
		};
		18E5A8E81DE03C43003B9D4B /* Products */ = {
			isa = PBXGroup;
			children = (
				18E5A8E71DE03C43003B9D4B /* RACTest.app */,
			);
			name = Products;
			sourceTree = "<group>";
		};
		18E5A8E91DE03C43003B9D4B /* RACTest */ = {
			isa = PBXGroup;
			children = (
				18E5AAC31DE2F796003B9D4B /* tool */,
				18E5AAB71DE2DFFF003B9D4B /* RAC組合 */,
				18E5AAB61DE2DFB5003B9D4B /* RAC常見宏 */,
				18E5AAB01DE2D81A003B9D4B /* RACCommand */,
				18E5AA9B1DE2D3DC003B9D4B /* MVVM+RAC */,
				18E5AA951DE2D3CF003B9D4B /* RACSkip */,
				18E5AA941DE2D3C1003B9D4B /* RACSubject */,
				18E5AA2B1DE2D2E1003B9D4B /* PXYNetWorking */,
				18E5A8ED1DE03C43003B9D4B /* AppDelegate.h */,
				18E5A8EE1DE03C43003B9D4B /* AppDelegate.m */,
				18E5A8F61DE03C43003B9D4B /* Assets.xcassets */,
				18E5A8F81DE03C43003B9D4B /* LaunchScreen.storyboard */,
				18E5A8FB1DE03C43003B9D4B /* Info.plist */,
				18E5A8EA1DE03C43003B9D4B /* Supporting Files */,
			);
			path = RACTest;
			sourceTree = "<group>";
		};
		18E5A8EA1DE03C43003B9D4B /* Supporting Files */ = {
			isa = PBXGroup;
			children = (
				18E5A8EB1DE03C43003B9D4B /* main.m */,
			);
			name = "Supporting Files";
			sourceTree = "<group>";
		};
		18E5AA2B1DE2D2E1003B9D4B /* PXYNetWorking */ = {
			isa = PBXGroup;
			children = (
				18E5AA2C1DE2D2E1003B9D4B /* AFNetworking */,
				18E5AA3A1DE2D2E1003B9D4B /* MJExtension */,
				18E5AA501DE2D2E1003B9D4B /* NSObject+MJExtension.h */,
				18E5AA511DE2D2E1003B9D4B /* NSObject+MJExtension.m */,
				18E5AA521DE2D2E1003B9D4B /* SDWebImage */,
			);
			path = PXYNetWorking;
			sourceTree = "<group>";
		};
		18E5AA2C1DE2D2E1003B9D4B /* AFNetworking */ = {
			isa = PBXGroup;
			children = (
				18E5AA2D1DE2D2E1003B9D4B /* AFHTTPSessionManager.h */,
				18E5AA2E1DE2D2E1003B9D4B /* AFHTTPSessionManager.m */,
				18E5AA2F1DE2D2E1003B9D4B /* AFNetworking.h */,
				18E5AA301DE2D2E1003B9D4B /* AFNetworkReachabilityManager.h */,
				18E5AA311DE2D2E1003B9D4B /* AFNetworkReachabilityManager.m */,
				18E5AA321DE2D2E1003B9D4B /* AFSecurityPolicy.h */,
				18E5AA331DE2D2E1003B9D4B /* AFSecurityPolicy.m */,
				18E5AA341DE2D2E1003B9D4B /* AFURLRequestSerialization.h */,
				18E5AA351DE2D2E1003B9D4B /* AFURLRequestSerialization.m */,
				18E5AA361DE2D2E1003B9D4B /* AFURLResponseSerialization.h */,
				18E5AA371DE2D2E1003B9D4B /* AFURLResponseSerialization.m */,
				18E5AA381DE2D2E1003B9D4B /* AFURLSessionManager.h */,
				18E5AA391DE2D2E1003B9D4B /* AFURLSessionManager.m */,
			);
			path = AFNetworking;
			sourceTree = "<group>";
		};
		18E5AA3A1DE2D2E1003B9D4B /* MJExtension */ = {
			isa = PBXGroup;
			children = (
				18E5AA3B1DE2D2E1003B9D4B /* MJExtension.h */,
				18E5AA3C1DE2D2E1003B9D4B /* MJExtensionConst.h */,
				18E5AA3D1DE2D2E1003B9D4B /* MJExtensionConst.m */,
				18E5AA3E1DE2D2E1003B9D4B /* MJFoundation.h */,
				18E5AA3F1DE2D2E1003B9D4B /* MJFoundation.m */,
				18E5AA401DE2D2E1003B9D4B /* MJProperty.h */,
				18E5AA411DE2D2E1003B9D4B /* MJProperty.m */,
				18E5AA421DE2D2E1003B9D4B /* MJPropertyKey.h */,
				18E5AA431DE2D2E1003B9D4B /* MJPropertyKey.m */,
				18E5AA441DE2D2E1003B9D4B /* MJPropertyType.h */,
				18E5AA451DE2D2E1003B9D4B /* MJPropertyType.m */,
				18E5AA461DE2D2E1003B9D4B /* NSObject+MJClass.h */,
				18E5AA471DE2D2E1003B9D4B /* NSObject+MJClass.m */,
				18E5AA481DE2D2E1003B9D4B /* NSObject+MJCoding.h */,
				18E5AA491DE2D2E1003B9D4B /* NSObject+MJCoding.m */,
				18E5AA4A1DE2D2E1003B9D4B /* NSObject+MJKeyValue.h */,
				18E5AA4B1DE2D2E1003B9D4B /* NSObject+MJKeyValue.m */,
				18E5AA4C1DE2D2E1003B9D4B /* NSObject+MJProperty.h */,
				18E5AA4D1DE2D2E1003B9D4B /* NSObject+MJProperty.m */,
				18E5AA4E1DE2D2E1003B9D4B /* NSString+MJExtension.h */,
				18E5AA4F1DE2D2E1003B9D4B /* NSString+MJExtension.m */,
			);
			path = MJExtension;
			sourceTree = "<group>";
		};
		18E5AA521DE2D2E1003B9D4B /* SDWebImage */ = {
			isa = PBXGroup;
			children = (
				18E5AA531DE2D2E1003B9D4B /* LICENSE */,
				18E5AA541DE2D2E1003B9D4B /* README.md */,
				18E5AA551DE2D2E1003B9D4B /* SDWebImage */,
			);
			path = SDWebImage;
			sourceTree = "<group>";
		};
		18E5AA551DE2D2E1003B9D4B /* SDWebImage */ = {
			isa = PBXGroup;
			children = (
				18E5AA561DE2D2E1003B9D4B /* NSData+ImageContentType.h */,
				18E5AA571DE2D2E1003B9D4B /* NSData+ImageContentType.m */,
				18E5AA581DE2D2E1003B9D4B /* SDImageCache.h */,
				18E5AA591DE2D2E1003B9D4B /* SDImageCache.m */,
				18E5AA5A1DE2D2E1003B9D4B /* SDWebImageCompat.h */,
				18E5AA5B1DE2D2E1003B9D4B /* SDWebImageCompat.m */,
				18E5AA5C1DE2D2E1003B9D4B /* SDWebImageDecoder.h */,
				18E5AA5D1DE2D2E1003B9D4B /* SDWebImageDecoder.m */,
				18E5AA5E1DE2D2E1003B9D4B /* SDWebImageDownloader.h */,
				18E5AA5F1DE2D2E1003B9D4B /* SDWebImageDownloader.m */,
				18E5AA601DE2D2E1003B9D4B /* SDWebImageDownloaderOperation.h */,
				18E5AA611DE2D2E1003B9D4B /* SDWebImageDownloaderOperation.m */,
				18E5AA621DE2D2E1003B9D4B /* SDWebImageManager.h */,
				18E5AA631DE2D2E1003B9D4B /* SDWebImageManager.m */,
				18E5AA641DE2D2E1003B9D4B /* SDWebImageOperation.h */,
				18E5AA651DE2D2E1003B9D4B /* SDWebImagePrefetcher.h */,
				18E5AA661DE2D2E1003B9D4B /* SDWebImagePrefetcher.m */,
				18E5AA671DE2D2E1003B9D4B /* UIButton+WebCache.h */,
				18E5AA681DE2D2E1003B9D4B /* UIButton+WebCache.m */,
				18E5AA691DE2D2E1003B9D4B /* UIImage+GIF.h */,
				18E5AA6A1DE2D2E1003B9D4B /* UIImage+GIF.m */,
				18E5AA6B1DE2D2E1003B9D4B /* UIImage+MultiFormat.h */,
				18E5AA6C1DE2D2E1003B9D4B /* UIImage+MultiFormat.m */,
				18E5AA6D1DE2D2E1003B9D4B /* UIImageView+HighlightedWebCache.h */,
				18E5AA6E1DE2D2E1003B9D4B /* UIImageView+HighlightedWebCache.m */,
				18E5AA6F1DE2D2E1003B9D4B /* UIImageView+WebCache.h */,
				18E5AA701DE2D2E1003B9D4B /* UIImageView+WebCache.m */,
				18E5AA711DE2D2E1003B9D4B /* UIView+WebCacheOperation.h */,
				18E5AA721DE2D2E1003B9D4B /* UIView+WebCacheOperation.m */,
			);
			path = SDWebImage;
			sourceTree = "<group>";
		};
		18E5AA941DE2D3C1003B9D4B /* RACSubject */ = {
			isa = PBXGroup;
			children = (
				18E5AAAB1DE2D40D003B9D4B /* SubjectViewController.h */,
				18E5AAAC1DE2D40D003B9D4B /* SubjectViewController.m */,
				18E5AAAE1DE2D423003B9D4B /* Subject.storyboard */,
			);
			path = RACSubject;
			sourceTree = "<group>";
		};
		18E5AA951DE2D3CF003B9D4B /* RACSkip */ = {
			isa = PBXGroup;
			children = (
				18E5AA961DE2D3CF003B9D4B /* skip.storyboard */,
				18E5AA971DE2D3CF003B9D4B /* SkipViewController.h */,
				18E5AA981DE2D3CF003B9D4B /* SkipViewController.m */,
			);
			path = RACSkip;
			sourceTree = "<group>";
		};
		18E5AA9B1DE2D3DC003B9D4B /* MVVM+RAC */ = {
			isa = PBXGroup;
			children = (
				18E5A8F31DE03C43003B9D4B /* Main.storyboard */,
				18E5AA9C1DE2D3DC003B9D4B /* DetileTableViewCell.h */,
				18E5AA9D1DE2D3DC003B9D4B /* DetileTableViewCell.m */,
				18E5AA9E1DE2D3DC003B9D4B /* loginViewModel.h */,
				18E5AA9F1DE2D3DC003B9D4B /* loginViewModel.m */,
				18E5AAA01DE2D3DC003B9D4B /* RequestViewModel.h */,
				18E5AAA11DE2D3DC003B9D4B /* RequestViewModel.m */,
				18E5AAA21DE2D3DC003B9D4B /* ViewController.h */,
				18E5AAA31DE2D3DC003B9D4B /* ViewController.m */,
				18E5AAA41DE2D3DC003B9D4B /* WebViewController.h */,
				18E5AAA51DE2D3DC003B9D4B /* WebViewController.m */,
			);
			path = "MVVM+RAC";
			sourceTree = "<group>";
		};
		18E5AAB01DE2D81A003B9D4B /* RACCommand */ = {
			isa = PBXGroup;
			children = (
				18E5AAB11DE2D828003B9D4B /* Command.storyboard */,
				18E5AAB31DE2D834003B9D4B /* CommandViewController.h */,
				18E5AAB41DE2D834003B9D4B /* CommandViewController.m */,
			);
			path = RACCommand;
			sourceTree = "<group>";
		};
		18E5AAB61DE2DFB5003B9D4B /* RAC常見宏 */ = {
			isa = PBXGroup;
			children = (
				18E5AABD1DE2E6CB003B9D4B /* RACmaroc.storyboard */,
				18E5AABF1DE2E6DD003B9D4B /* MarocViewController.h */,
				18E5AAC01DE2E6DD003B9D4B /* MarocViewController.m */,
			);
			path = "RAC常見宏";
			sourceTree = "<group>";
		};
		18E5AAB71DE2DFFF003B9D4B /* RAC組合 */ = {
			isa = PBXGroup;
			children = (
				18E5AAB81DE2E010003B9D4B /* ContactViewController.h */,
				18E5AAB91DE2E010003B9D4B /* ContactViewController.m */,
				18E5AABB1DE2E01C003B9D4B /* Contact.storyboard */,
			);
			path = "RAC組合";
			sourceTree = "<group>";
		};
		18E5AAC31DE2F796003B9D4B /* tool */ = {
			isa = PBXGroup;
			children = (
				18E5AAC41DE2F7B8003B9D4B /* FDFullscreenPopGesture */,
			);
			path = tool;
			sourceTree = "<group>";
		};
		18E5AAC41DE2F7B8003B9D4B /* FDFullscreenPopGesture */ = {
			isa = PBXGroup;
			children = (
				18E5AAC51DE2F7B8003B9D4B /* UINavigationController+FDFullscreenPopGesture.h */,
				18E5AAC61DE2F7B8003B9D4B /* UINavigationController+FDFullscreenPopGesture.m */,
			);
			path = FDFullscreenPopGesture;
			sourceTree = "<group>";
		};
		42B6D43FCC51ECCF47083D28 /* Pods */ = {
			isa = PBXGroup;
			children = (
				327334B916642810C32AEAA9 /* Pods-RACTest.debug.xcconfig */,
				A076BAF36A0ED5313D479898 /* Pods-RACTest.release.xcconfig */,
			);
			name = Pods;
			sourceTree = "<group>";
		};
		97554199B4FC88CF467FB4B3 /* Frameworks */ = {
			isa = PBXGroup;
			children = (
				6C2394235D23C20E661DB4BF /* libPods-RACTest.a */,
			);
			name = Frameworks;
			sourceTree = "<group>";
		};
/* End PBXGroup section */

/* Begin PBXNativeTarget section */
		18E5A8E61DE03C43003B9D4B /* RACTest */ = {
			isa = PBXNativeTarget;
			buildConfigurationList = 18E5A8FE1DE03C43003B9D4B /* Build configuration list for PBXNativeTarget "RACTest" */;
			buildPhases = (
				EC6EF0920DB2778B3D31318D /* [CP] Check Pods Manifest.lock */,
				18E5A8E31DE03C43003B9D4B /* Sources */,
				18E5A8E41DE03C43003B9D4B /* Frameworks */,
				18E5A8E51DE03C43003B9D4B /* Resources */,
				EDDCE13C2ED365B7E6D1225B /* [CP] Embed Pods Frameworks */,
				986E6E9BA948B2EA850BD18F /* [CP] Copy Pods Resources */,
			);
			buildRules = (
			);
			dependencies = (
			);
			name = RACTest;
			productName = RACTest;
			productReference = 18E5A8E71DE03C43003B9D4B /* RACTest.app */;
			productType = "com.apple.product-type.application";
		};
/* End PBXNativeTarget section */

/* Begin PBXProject section */
		18E5A8DF1DE03C43003B9D4B /* Project object */ = {
			isa = PBXProject;
			attributes = {
				LastUpgradeCheck = 0730;
				ORGANIZATIONNAME = com.zaoguankeji.www;
				TargetAttributes = {
					18E5A8E61DE03C43003B9D4B = {
						CreatedOnToolsVersion = 7.3.1;
						DevelopmentTeam = 9F8C3M45HJ;
					};
				};
			};
			buildConfigurationList = 18E5A8E21DE03C43003B9D4B /* Build configuration list for PBXProject "RACTest" */;
			compatibilityVersion = "Xcode 3.2";
			developmentRegion = English;
			hasScannedForEncodings = 0;
			knownRegions = (
				en,
				Base,
			);
			mainGroup = 18E5A8DE1DE03C43003B9D4B;
			productRefGroup = 18E5A8E81DE03C43003B9D4B /* Products */;
			projectDirPath = "";
			projectRoot = "";
			targets = (
				18E5A8E61DE03C43003B9D4B /* RACTest */,
			);
		};
/* End PBXProject section */

/* Begin PBXResourcesBuildPhase section */
		18E5A8E51DE03C43003B9D4B /* Resources */ = {
			isa = PBXResourcesBuildPhase;
			buildActionMask = 2147483647;
			files = (
				18E5AABE1DE2E6CB003B9D4B /* RACmaroc.storyboard in Resources */,
				18E5AA991DE2D3CF003B9D4B /* skip.storyboard in Resources */,
				18E5AAAF1DE2D423003B9D4B /* Subject.storyboard in Resources */,
				18E5AAB21DE2D828003B9D4B /* Command.storyboard in Resources */,
				18E5A8FA1DE03C43003B9D4B /* LaunchScreen.storyboard in Resources */,
				18E5A8F71DE03C43003B9D4B /* Assets.xcassets in Resources */,
				18E5AABC1DE2E01C003B9D4B /* Contact.storyboard in Resources */,
				18E5A8F51DE03C43003B9D4B /* Main.storyboard in Resources */,
				18E5AA841DE2D2E1003B9D4B /* LICENSE in Resources */,
			);
			runOnlyForDeploymentPostprocessing = 0;
		};
/* End PBXResourcesBuildPhase section */

/* Begin PBXShellScriptBuildPhase section */
		986E6E9BA948B2EA850BD18F /* [CP] Copy Pods Resources */ = {
			isa = PBXShellScriptBuildPhase;
			buildActionMask = 2147483647;
			files = (
			);
			inputPaths = (
			);
			name = "[CP] Copy Pods Resources";
			outputPaths = (
			);
			runOnlyForDeploymentPostprocessing = 0;
			shellPath = /bin/sh;
			shellScript = "\"${SRCROOT}/Pods/Target Support Files/Pods-RACTest/Pods-RACTest-resources.sh\"\n";
			showEnvVarsInLog = 0;
		};
		EC6EF0920DB2778B3D31318D /* [CP] Check Pods Manifest.lock */ = {
			isa = PBXShellScriptBuildPhase;
			buildActionMask = 2147483647;
			files = (
			);
			inputPaths = (
			);
			name = "[CP] Check Pods Manifest.lock";
			outputPaths = (
			);
			runOnlyForDeploymentPostprocessing = 0;
			shellPath = /bin/sh;
			shellScript = "diff \"${PODS_ROOT}/../Podfile.lock\" \"${PODS_ROOT}/Manifest.lock\" > /dev/null\nif [[ $? != 0 ]] ; then\n    cat << EOM\nerror: The sandbox is not in sync with the Podfile.lock. Run 'pod install' or update your CocoaPods installation.\nEOM\n    exit 1\nfi\n";
			showEnvVarsInLog = 0;
		};
		EDDCE13C2ED365B7E6D1225B /* [CP] Embed Pods Frameworks */ = {
			isa = PBXShellScriptBuildPhase;
			buildActionMask = 2147483647;
			files = (
			);
			inputPaths = (
			);
			name = "[CP] Embed Pods Frameworks";
			outputPaths = (
			);
			runOnlyForDeploymentPostprocessing = 0;
			shellPath = /bin/sh;
			shellScript = "\"${SRCROOT}/Pods/Target Support Files/Pods-RACTest/Pods-RACTest-frameworks.sh\"\n";
			showEnvVarsInLog = 0;
		};
/* End PBXShellScriptBuildPhase section */

/* Begin PBXSourcesBuildPhase section */
		18E5A8E31DE03C43003B9D4B /* Sources */ = {
			isa = PBXSourcesBuildPhase;
			buildActionMask = 2147483647;
			files = (
				18E5AA791DE2D2E1003B9D4B /* MJExtensionConst.m in Sources */,
				18E5AA741DE2D2E1003B9D4B /* AFNetworkReachabilityManager.m in Sources */,
				18E5AAA61DE2D3DC003B9D4B /* DetileTableViewCell.m in Sources */,
				18E5AA861DE2D2E1003B9D4B /* NSData+ImageContentType.m in Sources */,
				18E5AA851DE2D2E1003B9D4B /* README.md in Sources */,
				18E5AA801DE2D2E1003B9D4B /* NSObject+MJKeyValue.m in Sources */,
				18E5AAA91DE2D3DC003B9D4B /* ViewController.m in Sources */,
				18E5AA8E1DE2D2E1003B9D4B /* UIButton+WebCache.m in Sources */,
				18E5AA8D1DE2D2E1003B9D4B /* SDWebImagePrefetcher.m in Sources */,
				18E5AAA71DE2D3DC003B9D4B /* loginViewModel.m in Sources */,
				18E5AA781DE2D2E1003B9D4B /* AFURLSessionManager.m in Sources */,
				18E5AAAA1DE2D3DC003B9D4B /* WebViewController.m in Sources */,
				18E5AA761DE2D2E1003B9D4B /* AFURLRequestSerialization.m in Sources */,
				18E5AA931DE2D2E1003B9D4B /* UIView+WebCacheOperation.m in Sources */,
				18E5AA821DE2D2E1003B9D4B /* NSString+MJExtension.m in Sources */,
				18E5AA7B1DE2D2E1003B9D4B /* MJProperty.m in Sources */,
				18E5AA921DE2D2E1003B9D4B /* UIImageView+WebCache.m in Sources */,
				18E5AA8C1DE2D2E1003B9D4B /* SDWebImageManager.m in Sources */,
				18E5AAB51DE2D834003B9D4B /* CommandViewController.m in Sources */,
				18E5AA7A1DE2D2E1003B9D4B /* MJFoundation.m in Sources */,
				18E5AA771DE2D2E1003B9D4B /* AFURLResponseSerialization.m in Sources */,
				18E5AA731DE2D2E1003B9D4B /* AFHTTPSessionManager.m in Sources */,
				18E5AA8F1DE2D2E1003B9D4B /* UIImage+GIF.m in Sources */,
				18E5AA9A1DE2D3CF003B9D4B /* SkipViewController.m in Sources */,
				18E5AA911DE2D2E1003B9D4B /* UIImageView+HighlightedWebCache.m in Sources */,
				18E5AAC11DE2E6DD003B9D4B /* MarocViewController.m in Sources */,
				18E5AA7D1DE2D2E1003B9D4B /* MJPropertyType.m in Sources */,
				18E5AA7E1DE2D2E1003B9D4B /* NSObject+MJClass.m in Sources */,
				18E5AA901DE2D2E1003B9D4B /* UIImage+MultiFormat.m in Sources */,
				18E5AA8B1DE2D2E1003B9D4B /* SDWebImageDownloaderOperation.m in Sources */,
				18E5AAC71DE2F7B8003B9D4B /* UINavigationController+FDFullscreenPopGesture.m in Sources */,
				18E5AA7F1DE2D2E1003B9D4B /* NSObject+MJCoding.m in Sources */,
				18E5AABA1DE2E010003B9D4B /* ContactViewController.m in Sources */,
				18E5A8EF1DE03C43003B9D4B /* AppDelegate.m in Sources */,
				18E5AA7C1DE2D2E1003B9D4B /* MJPropertyKey.m in Sources */,
				18E5AA811DE2D2E1003B9D4B /* NSObject+MJProperty.m in Sources */,
				18E5AA891DE2D2E1003B9D4B /* SDWebImageDecoder.m in Sources */,
				18E5AA881DE2D2E1003B9D4B /* SDWebImageCompat.m in Sources */,
				18E5A8EC1DE03C43003B9D4B /* main.m in Sources */,
				18E5AA8A1DE2D2E1003B9D4B /* SDWebImageDownloader.m in Sources */,
				18E5AA831DE2D2E1003B9D4B /* NSObject+MJExtension.m in Sources */,
				18E5AA751DE2D2E1003B9D4B /* AFSecurityPolicy.m in Sources */,
				18E5AAAD1DE2D40D003B9D4B /* SubjectViewController.m in Sources */,
				18E5AAA81DE2D3DC003B9D4B /* RequestViewModel.m in Sources */,
				18E5AA871DE2D2E1003B9D4B /* SDImageCache.m in Sources */,
			);
			runOnlyForDeploymentPostprocessing = 0;
		};
/* End PBXSourcesBuildPhase section */

/* Begin PBXVariantGroup section */
		18E5A8F31DE03C43003B9D4B /* Main.storyboard */ = {
			isa = PBXVariantGroup;
			children = (
				18E5A8F41DE03C43003B9D4B /* Base */,
			);
			name = Main.storyboard;
			path = ..;
			sourceTree = "<group>";
		};
		18E5A8F81DE03C43003B9D4B /* LaunchScreen.storyboard */ = {
			isa = PBXVariantGroup;
			children = (
				18E5A8F91DE03C43003B9D4B /* Base */,
			);
			name = LaunchScreen.storyboard;
			sourceTree = "<group>";
		};
/* End PBXVariantGroup section */

/* Begin XCBuildConfiguration section */
		18E5A8FC1DE03C43003B9D4B /* Debug */ = {
			isa = XCBuildConfiguration;
			buildSettings = {
				ALWAYS_SEARCH_USER_PATHS = NO;
				CLANG_ANALYZER_NONNULL = YES;
				CLANG_CXX_LANGUAGE_STANDARD = "gnu++0x";
				CLANG_CXX_LIBRARY = "libc++";
				CLANG_ENABLE_MODULES = YES;
				CLANG_ENABLE_OBJC_ARC = YES;
				CLANG_WARN_BOOL_CONVERSION = YES;
				CLANG_WARN_CONSTANT_CONVERSION = YES;
				CLANG_WARN_DIRECT_OBJC_ISA_USAGE = YES_ERROR;
				CLANG_WARN_EMPTY_BODY = YES;
				CLANG_WARN_ENUM_CONVERSION = YES;
				CLANG_WARN_INT_CONVERSION = YES;
				CLANG_WARN_OBJC_ROOT_CLASS = YES_ERROR;
				CLANG_WARN_UNREACHABLE_CODE = YES;
				CLANG_WARN__DUPLICATE_METHOD_MATCH = YES;
				"CODE_SIGN_IDENTITY[sdk=iphoneos*]" = "iPhone Developer";
				COPY_PHASE_STRIP = NO;
				DEBUG_INFORMATION_FORMAT = dwarf;
				ENABLE_STRICT_OBJC_MSGSEND = YES;
				ENABLE_TESTABILITY = YES;
				GCC_C_LANGUAGE_STANDARD = gnu99;
				GCC_DYNAMIC_NO_PIC = NO;
				GCC_NO_COMMON_BLOCKS = YES;
				GCC_OPTIMIZATION_LEVEL = 0;
				GCC_PREPROCESSOR_DEFINITIONS = (
					"DEBUG=1",
					"$(inherited)",
				);
				GCC_WARN_64_TO_32_BIT_CONVERSION = YES;
				GCC_WARN_ABOUT_RETURN_TYPE = YES_ERROR;
				GCC_WARN_UNDECLARED_SELECTOR = YES;
				GCC_WARN_UNINITIALIZED_AUTOS = YES_AGGRESSIVE;
				GCC_WARN_UNUSED_FUNCTION = YES;
				GCC_WARN_UNUSED_VARIABLE = YES;
				IPHONEOS_DEPLOYMENT_TARGET = 9.3;
				MTL_ENABLE_DEBUG_INFO = YES;
				ONLY_ACTIVE_ARCH = YES;
				SDKROOT = iphoneos;
				TARGETED_DEVICE_FAMILY = "1,2";
			};
			name = Debug;
		};
		18E5A8FD1DE03C43003B9D4B /* Release */ = {
			isa = XCBuildConfiguration;
			buildSettings = {
				ALWAYS_SEARCH_USER_PATHS = NO;
				CLANG_ANALYZER_NONNULL = YES;
				CLANG_CXX_LANGUAGE_STANDARD = "gnu++0x";
				CLANG_CXX_LIBRARY = "libc++";
				CLANG_ENABLE_MODULES = YES;
				CLANG_ENABLE_OBJC_ARC = YES;
				CLANG_WARN_BOOL_CONVERSION = YES;
				CLANG_WARN_CONSTANT_CONVERSION = YES;
				CLANG_WARN_DIRECT_OBJC_ISA_USAGE = YES_ERROR;
				CLANG_WARN_EMPTY_BODY = YES;
				CLANG_WARN_ENUM_CONVERSION = YES;
				CLANG_WARN_INT_CONVERSION = YES;
				CLANG_WARN_OBJC_ROOT_CLASS = YES_ERROR;
				CLANG_WARN_UNREACHABLE_CODE = YES;
				CLANG_WARN__DUPLICATE_METHOD_MATCH = YES;
				"CODE_SIGN_IDENTITY[sdk=iphoneos*]" = "iPhone Developer";
				COPY_PHASE_STRIP = NO;
				DEBUG_INFORMATION_FORMAT = "dwarf-with-dsym";
				ENABLE_NS_ASSERTIONS = NO;
				ENABLE_STRICT_OBJC_MSGSEND = YES;
				GCC_C_LANGUAGE_STANDARD = gnu99;
				GCC_NO_COMMON_BLOCKS = YES;
				GCC_WARN_64_TO_32_BIT_CONVERSION = YES;
				GCC_WARN_ABOUT_RETURN_TYPE = YES_ERROR;
				GCC_WARN_UNDECLARED_SELECTOR = YES;
				GCC_WARN_UNINITIALIZED_AUTOS = YES_AGGRESSIVE;
				GCC_WARN_UNUSED_FUNCTION = YES;
				GCC_WARN_UNUSED_VARIABLE = YES;
				IPHONEOS_DEPLOYMENT_TARGET = 9.3;
				MTL_ENABLE_DEBUG_INFO = NO;
				SDKROOT = iphoneos;
				TARGETED_DEVICE_FAMILY = "1,2";
				VALIDATE_PRODUCT = YES;
			};
			name = Release;
		};
		18E5A8FF1DE03C43003B9D4B /* Debug */ = {
			isa = XCBuildConfiguration;
			baseConfigurationReference = 327334B916642810C32AEAA9 /* Pods-RACTest.debug.xcconfig */;
			buildSettings = {
				ASSETCATALOG_COMPILER_APPICON_NAME = AppIcon;
				INFOPLIST_FILE = RACTest/Info.plist;
				LD_RUNPATH_SEARCH_PATHS = "$(inherited) @executable_path/Frameworks";
				PRODUCT_BUNDLE_IDENTIFIER = PXY.RACTest;
				PRODUCT_NAME = "$(TARGET_NAME)";
			};
			name = Debug;
		};
		18E5A9001DE03C43003B9D4B /* Release */ = {
			isa = XCBuildConfiguration;
			baseConfigurationReference = A076BAF36A0ED5313D479898 /* Pods-RACTest.release.xcconfig */;
			buildSettings = {
				ASSETCATALOG_COMPILER_APPICON_NAME = AppIcon;
				INFOPLIST_FILE = RACTest/Info.plist;
				LD_RUNPATH_SEARCH_PATHS = "$(inherited) @executable_path/Frameworks";
				PRODUCT_BUNDLE_IDENTIFIER = PXY.RACTest;
				PRODUCT_NAME = "$(TARGET_NAME)";
			};
			name = Release;
		};
/* End XCBuildConfiguration section */

/* Begin XCConfigurationList section */
		18E5A8E21DE03C43003B9D4B /* Build configuration list for PBXProject "RACTest" */ = {
			isa = XCConfigurationList;
			buildConfigurations = (
				18E5A8FC1DE03C43003B9D4B /* Debug */,
				18E5A8FD1DE03C43003B9D4B /* Release */,
			);
			defaultConfigurationIsVisible = 0;
			defaultConfigurationName = Release;
		};
		18E5A8FE1DE03C43003B9D4B /* Build configuration list for PBXNativeTarget "RACTest" */ = {
			isa = XCConfigurationList;
			buildConfigurations = (
				18E5A8FF1DE03C43003B9D4B /* Debug */,
				18E5A9001DE03C43003B9D4B /* Release */,
			);
			defaultConfigurationIsVisible = 0;
			defaultConfigurationName = Release;
		};
/* End XCConfigurationList section */
	};
	rootObject = 18E5A8DF1DE03C43003B9D4B /* Project object */;
}
